
Microsoft Visual Studio Solution File, Format Version 12.00
# Visual Studio Version 17
VisualStudioVersion = 17.1.32407.343
MinimumVisualStudioVersion = 10.0.40219.1
Project("{9A19103F-16F7-4668-BE54-9A1E7A4F7556}") = "task_1", "..\task_1\task_1.csproj", "{3C24EDFB-1357-4981-AA80-CE4CB6A668FF}"
EndProject
Project("{9A19103F-16F7-4668-BE54-9A1E7A4F7556}") = "task_2", "..\task_2\task_2.csproj", "{C9F922EC-48AA-4D0A-9DBA-E44573E5DD4D}"
EndProject
Project("{9A19103F-16F7-4668-BE54-9A1E7A4F7556}") = "task_3", "..\task_3\task_3.csproj", "{631E9773-AFDF-47DC-A874-009EB58A8356}"
EndProject
Project("{9A19103F-16F7-4668-BE54-9A1E7A4F7556}") = "task_4(module2)", "..\task_4(module2)\task_4(module2).csproj", "{D8541409-5551-4CAE-BE28-E53E5932A4B9}"
EndProject
Project("{9A19103F-16F7-4668-BE54-9A1E7A4F7556}") = "task_5", "..\task_5\task_5.csproj", "{7E0B9931-F6BA-4966-BFEA-5EC80C195736}"
EndProject
Project("{9A19103F-16F7-4668-BE54-9A1E7A4F7556}") = "task_6", "..\task_6\task_6.csproj", "{C20F4C7A-E734-4624-AB2A-43896F02DE50}"
EndProject
Project("{9A19103F-16F7-4668-BE54-9A1E7A4F7556}") = "task_7", "task_7\task_7.csproj", "{483C5A37-7382-4C59-A194-101D64B5EA4C}"
EndProject
Project("{FAE04EC0-301F-11D3-BF4B-00C04F79EFBC}") = "task_8", "task_8\task_8.csproj", "{6357DB32-8382-43DE-AE2C-EE54D7717520}"
EndProject
Project("{FAE04EC0-301F-11D3-BF4B-00C04F79EFBC}") = "task_9", "task_9\task_9.csproj", "{4AF47F5B-B026-4768-87FF-E34B5A1751A0}"
EndProject
Global
	GlobalSection(SolutionConfigurationPlatforms) = preSolution
		Debug|Any CPU = Debug|Any CPU
		Release|Any CPU = Release|Any CPU
	EndGlobalSection
	GlobalSection(ProjectConfigurationPlatforms) = postSolution
		{3C24EDFB-1357-4981-AA80-CE4CB6A668FF}.Debug|Any CPU.ActiveCfg = Debug|Any CPU
		{3C24EDFB-1357-4981-AA80-CE4CB6A668FF}.Debug|Any CPU.Build.0 = Debug|Any CPU
		{3C24EDFB-1357-4981-AA80-CE4CB6A668FF}.Release|Any CPU.ActiveCfg = Release|Any CPU
		{3C24EDFB-1357-4981-AA80-CE4CB6A668FF}.Release|Any CPU.Build.0 = Release|Any CPU
		{C9F922EC-48AA-4D0A-9DBA-E44573E5DD4D}.Debug|Any CPU.ActiveCfg = Debug|Any CPU
		{C9F922EC-48AA-4D0A-9DBA-E44573E5DD4D}.Debug|Any CPU.Build.0 = Debug|Any CPU
		{C9F922EC-48AA-4D0A-9DBA-E44573E5DD4D}.Release|Any CPU.ActiveCfg = Release|Any CPU
		{C9F922EC-48AA-4D0A-9DBA-E44573E5DD4D}.Release|Any CPU.Build.0 = Release|Any CPU
		{631E9773-AFDF-47DC-A874-009EB58A8356}.Debug|Any CPU.ActiveCfg = Debug|Any CPU
		{631E9773-AFDF-47DC-A874-009EB58A8356}.Debug|Any CPU.Build.0 = Debug|Any CPU
		{631E9773-AFDF-47DC-A874-009EB58A8356}.Release|Any CPU.ActiveCfg = Release|Any CPU
		{631E9773-AFDF-47DC-A874-009EB58A8356}.Release|Any CPU.Build.0 = Release|Any CPU
		{D8541409-5551-4CAE-BE28-E53E5932A4B9}.Debug|Any CPU.ActiveCfg = Debug|Any CPU
		{D8541409-5551-4CAE-BE28-E53E5932A4B9}.Debug|Any CPU.Build.0 = Debug|Any CPU
		{D8541409-5551-4CAE-BE28-E53E5932A4B9}.Release|Any CPU.ActiveCfg = Release|Any CPU
		{D8541409-5551-4CAE-BE28-E53E5932A4B9}.Release|Any CPU.Build.0 = Release|Any CPU
		{7E0B9931-F6BA-4966-BFEA-5EC80C195736}.Debug|Any CPU.ActiveCfg = Debug|Any CPU
		{7E0B9931-F6BA-4966-BFEA-5EC80C195736}.Debug|Any CPU.Build.0 = Debug|Any CPU
		{7E0B9931-F6BA-4966-BFEA-5EC80C195736}.Release|Any CPU.ActiveCfg = Release|Any CPU
		{7E0B9931-F6BA-4966-BFEA-5EC80C195736}.Release|Any CPU.Build.0 = Release|Any CPU
		{C20F4C7A-E734-4624-AB2A-43896F02DE50}.Debug|Any CPU.ActiveCfg = Debug|Any CPU
		{C20F4C7A-E734-4624-AB2A-43896F02DE50}.Debug|Any CPU.Build.0 = Debug|Any CPU
		{C20F4C7A-E734-4624-AB2A-43896F02DE50}.Release|Any CPU.ActiveCfg = Release|Any CPU
		{C20F4C7A-E734-4624-AB2A-43896F02DE50}.Release|Any CPU.Build.0 = Release|Any CPU
		{483C5A37-7382-4C59-A194-101D64B5EA4C}.Debug|Any CPU.ActiveCfg = Debug|Any CPU
		{483C5A37-7382-4C59-A194-101D64B5EA4C}.Debug|Any CPU.Build.0 = Debug|Any CPU
		{483C5A37-7382-4C59-A194-101D64B5EA4C}.Release|Any CPU.ActiveCfg = Release|Any CPU
		{483C5A37-7382-4C59-A194-101D64B5EA4C}.Release|Any CPU.Build.0 = Release|Any CPU
		{6357DB32-8382-43DE-AE2C-EE54D7717520}.Debug|Any CPU.ActiveCfg = Debug|Any CPU
		{6357DB32-8382-43DE-AE2C-EE54D7717520}.Debug|Any CPU.Build.0 = Debug|Any CPU
		{6357DB32-8382-43DE-AE2C-EE54D7717520}.Release|Any CPU.ActiveCfg = Release|Any CPU
		{6357DB32-8382-43DE-AE2C-EE54D7717520}.Release|Any CPU.Build.0 = Release|Any CPU
		{4AF47F5B-B026-4768-87FF-E34B5A1751A0}.Debug|Any CPU.ActiveCfg = Debug|Any CPU
		{4AF47F5B-B026-4768-87FF-E34B5A1751A0}.Debug|Any CPU.Build.0 = Debug|Any CPU
		{4AF47F5B-B026-4768-87FF-E34B5A1751A0}.Release|Any CPU.ActiveCfg = Release|Any CPU
		{4AF47F5B-B026-4768-87FF-E34B5A1751A0}.Release|Any CPU.Build.0 = Release|Any CPU
	EndGlobalSection
	GlobalSection(SolutionProperties) = preSolution
		HideSolutionNode = FALSE
	EndGlobalSection
	GlobalSection(ExtensibilityGlobals) = postSolution
		SolutionGuid = {D326BFDC-7E28-4152-B039-E6B54DDA65D4}
	EndGlobalSection
EndGlobal
